
Microsoft Visual Studio Solution File, Format Version 12.00
# Visual Studio Version 16
VisualStudioVersion = 16.0.30320.27
MinimumVisualStudioVersion = 10.0.40219.1
Project("{9A19103F-16F7-4668-BE54-9A1E7A4F7556}") = "Homework1", "homework1\Homework1.csproj", "{3D7E390C-D6A2-4A4A-88DC-F9E22992881B}"
EndProject
Project("{FAE04EC0-301F-11D3-BF4B-00C04F79EFBC}") = "Homework2", "Homework2\Homework2.csproj", "{FAA725D1-9BDF-4C73-A317-2F94CAA40879}"
EndProject
Global
	GlobalSection(SolutionConfigurationPlatforms) = preSolution
		Debug|Any CPU = Debug|Any CPU
		Release|Any CPU = Release|Any CPU
	EndGlobalSection
	GlobalSection(ProjectConfigurationPlatforms) = postSolution
		{3D7E390C-D6A2-4A4A-88DC-F9E22992881B}.Debug|Any CPU.ActiveCfg = Debug|Any CPU
		{3D7E390C-D6A2-4A4A-88DC-F9E22992881B}.Debug|Any CPU.Build.0 = Debug|Any CPU
		{3D7E390C-D6A2-4A4A-88DC-F9E22992881B}.Release|Any CPU.ActiveCfg = Release|Any CPU
		{3D7E390C-D6A2-4A4A-88DC-F9E22992881B}.Release|Any CPU.Build.0 = Release|Any CPU
		{FAA725D1-9BDF-4C73-A317-2F94CAA40879}.Debug|Any CPU.ActiveCfg = Debug|Any CPU
		{FAA725D1-9BDF-4C73-A317-2F94CAA40879}.Debug|Any CPU.Build.0 = Debug|Any CPU
		{FAA725D1-9BDF-4C73-A317-2F94CAA40879}.Release|Any CPU.ActiveCfg = Release|Any CPU
		{FAA725D1-9BDF-4C73-A317-2F94CAA40879}.Release|Any CPU.Build.0 = Release|Any CPU
	EndGlobalSection
	GlobalSection(SolutionProperties) = preSolution
		HideSolutionNode = FALSE
	EndGlobalSection
	GlobalSection(ExtensibilityGlobals) = postSolution
		SolutionGuid = {2649286A-6F54-413B-9EBC-9E79B00ACE38}
	EndGlobalSection
EndGlobal
